
Microsoft Visual Studio Solution File, Format Version 12.00
# Visual Studio Version 17
VisualStudioVersion = 17.14.36414.22 d17.14
MinimumVisualStudioVersion = 10.0.40219.1
Project("{FAE04EC0-301F-11D3-BF4B-00C04F79EFBC}") = "pryMartinezSP1", "pryMartinezSP1\pryMartinezSP1.csproj", "{24D4D67F-2A87-4E52-99A7-588A5CE1A0B0}"
EndProject
Global
	GlobalSection(SolutionConfigurationPlatforms) = preSolution
		Debug|Any CPU = Debug|Any CPU
		Release|Any CPU = Release|Any CPU
	EndGlobalSection
	GlobalSection(ProjectConfigurationPlatforms) = postSolution
		{24D4D67F-2A87-4E52-99A7-588A5CE1A0B0}.Debug|Any CPU.ActiveCfg = Debug|Any CPU
		{24D4D67F-2A87-4E52-99A7-588A5CE1A0B0}.Debug|Any CPU.Build.0 = Debug|Any CPU
		{24D4D67F-2A87-4E52-99A7-588A5CE1A0B0}.Release|Any CPU.ActiveCfg = Release|Any CPU
		{24D4D67F-2A87-4E52-99A7-588A5CE1A0B0}.Release|Any CPU.Build.0 = Release|Any CPU
	EndGlobalSection
	GlobalSection(SolutionProperties) = preSolution
		HideSolutionNode = FALSE
	EndGlobalSection
	GlobalSection(ExtensibilityGlobals) = postSolution
		SolutionGuid = {CBF07F61-8421-432E-8EAB-B4149F6E296F}
	EndGlobalSection
EndGlobal
